
Microsoft Visual Studio Solution File, Format Version 12.00
Project("{FAE04EC0-301F-11D3-BF4B-00C04F79EFBC}") = "PhoneBook", "PhoneBook\PhoneBook.csproj", "{4246EF8B-45CB-41A2-A401-AAC7DAFCAB13}"
EndProject
Global
	GlobalSection(SolutionConfigurationPlatforms) = preSolution
		Debug|Any CPU = Debug|Any CPU
		Release|Any CPU = Release|Any CPU
	EndGlobalSection
	GlobalSection(ProjectConfigurationPlatforms) = postSolution
		{4246EF8B-45CB-41A2-A401-AAC7DAFCAB13}.Debug|Any CPU.ActiveCfg = Debug|Any CPU
		{4246EF8B-45CB-41A2-A401-AAC7DAFCAB13}.Debug|Any CPU.Build.0 = Debug|Any CPU
		{4246EF8B-45CB-41A2-A401-AAC7DAFCAB13}.Release|Any CPU.ActiveCfg = Release|Any CPU
		{4246EF8B-45CB-41A2-A401-AAC7DAFCAB13}.Release|Any CPU.Build.0 = Release|Any CPU
	EndGlobalSection
EndGlobal
